
Microsoft Visual Studio Solution File, Format Version 12.00
# Visual Studio Version 17
VisualStudioVersion = 17.13.35931.197 d17.13
MinimumVisualStudioVersion = 10.0.40219.1
Project("{FAE04EC0-301F-11D3-BF4B-00C04F79EFBC}") = "WebAppAutomation", "WebAppAutomation.csproj", "{D8DC835E-9187-4625-8A73-AD632C5D0A99}"
EndProject
Global
	GlobalSection(SolutionConfigurationPlatforms) = preSolution
		Debug|Any CPU = Debug|Any CPU
		Release|Any CPU = Release|Any CPU
	EndGlobalSection
	GlobalSection(ProjectConfigurationPlatforms) = postSolution
		{D8DC835E-9187-4625-8A73-AD632C5D0A99}.Debug|Any CPU.ActiveCfg = Debug|Any CPU
		{D8DC835E-9187-4625-8A73-AD632C5D0A99}.Debug|Any CPU.Build.0 = Debug|Any CPU
		{D8DC835E-9187-4625-8A73-AD632C5D0A99}.Release|Any CPU.ActiveCfg = Release|Any CPU
		{D8DC835E-9187-4625-8A73-AD632C5D0A99}.Release|Any CPU.Build.0 = Release|Any CPU
	EndGlobalSection
	GlobalSection(SolutionProperties) = preSolution
		HideSolutionNode = FALSE
	EndGlobalSection
	GlobalSection(ExtensibilityGlobals) = postSolution
		SolutionGuid = {AD682159-9AA7-4907-A9A6-380968372166}
	EndGlobalSection
EndGlobal
